
Microsoft Visual Studio Solution File, Format Version 12.00
# Visual Studio Version 17
VisualStudioVersion = 17.5.33502.453
MinimumVisualStudioVersion = 10.0.40219.1
Project("{9A19103F-16F7-4668-BE54-9A1E7A4F7556}") = "AccountingTM", "AccountingTM\AccountingTM.csproj", "{E2D725B6-2330-4AED-8025-A94214C36E2F}"
EndProject
Project("{FAE04EC0-301F-11D3-BF4B-00C04F79EFBC}") = "AccountingTM.Domain", "AccountingTM.Domain\AccountingTM.Domain.csproj", "{E737C4B3-0921-4020-8B0C-93A26628A9D8}"
EndProject
Global
	GlobalSection(SolutionConfigurationPlatforms) = preSolution
		Debug|Any CPU = Debug|Any CPU
		Release|Any CPU = Release|Any CPU
	EndGlobalSection
	GlobalSection(ProjectConfigurationPlatforms) = postSolution
		{E2D725B6-2330-4AED-8025-A94214C36E2F}.Debug|Any CPU.ActiveCfg = Debug|Any CPU
		{E2D725B6-2330-4AED-8025-A94214C36E2F}.Debug|Any CPU.Build.0 = Debug|Any CPU
		{E2D725B6-2330-4AED-8025-A94214C36E2F}.Release|Any CPU.ActiveCfg = Release|Any CPU
		{E2D725B6-2330-4AED-8025-A94214C36E2F}.Release|Any CPU.Build.0 = Release|Any CPU
		{E737C4B3-0921-4020-8B0C-93A26628A9D8}.Debug|Any CPU.ActiveCfg = Debug|Any CPU
		{E737C4B3-0921-4020-8B0C-93A26628A9D8}.Debug|Any CPU.Build.0 = Debug|Any CPU
		{E737C4B3-0921-4020-8B0C-93A26628A9D8}.Release|Any CPU.ActiveCfg = Release|Any CPU
		{E737C4B3-0921-4020-8B0C-93A26628A9D8}.Release|Any CPU.Build.0 = Release|Any CPU
	EndGlobalSection
	GlobalSection(SolutionProperties) = preSolution
		HideSolutionNode = FALSE
	EndGlobalSection
	GlobalSection(ExtensibilityGlobals) = postSolution
		SolutionGuid = {E77DEAA2-D4D8-4FFB-A55C-9671B4B144BB}
	EndGlobalSection
EndGlobal
